
Microsoft Visual Studio Solution File, Format Version 12.00
# Visual Studio Version 17
VisualStudioVersion = 17.11.35303.130
MinimumVisualStudioVersion = 10.0.40219.1
Project("{888888A0-9F3D-457C-B088-3A5042F75D52}") = "Question 3 Part 3", "Question 3 Part 3.pyproj", "{D8B34A05-1B8F-4BBE-892A-8C5A4335F6A2}"
EndProject
Global
	GlobalSection(SolutionConfigurationPlatforms) = preSolution
		Debug|Any CPU = Debug|Any CPU
		Release|Any CPU = Release|Any CPU
	EndGlobalSection
	GlobalSection(ProjectConfigurationPlatforms) = postSolution
		{D8B34A05-1B8F-4BBE-892A-8C5A4335F6A2}.Debug|Any CPU.ActiveCfg = Debug|Any CPU
		{D8B34A05-1B8F-4BBE-892A-8C5A4335F6A2}.Release|Any CPU.ActiveCfg = Release|Any CPU
	EndGlobalSection
	GlobalSection(SolutionProperties) = preSolution
		HideSolutionNode = FALSE
	EndGlobalSection
	GlobalSection(ExtensibilityGlobals) = postSolution
		SolutionGuid = {416F3658-020C-4FB8-8536-0A4EBAC2A630}
	EndGlobalSection
EndGlobal
